
Microsoft Visual Studio Solution File, Format Version 12.00
# Visual Studio Version 17
VisualStudioVersion = 17.9.34607.119
MinimumVisualStudioVersion = 10.0.40219.1
Project("{9A19103F-16F7-4668-BE54-9A1E7A4F7556}") = "01. Pie Pursuit", "01. Pie Pursuit\01. Pie Pursuit.csproj", "{F54A0DE5-321D-41F7-AD25-D2F5253AA808}"
EndProject
Project("{FAE04EC0-301F-11D3-BF4B-00C04F79EFBC}") = "02. Escape the Maze", "02. Escape the Maze\02. Escape the Maze.csproj", "{B1E9CB83-2BB8-4C02-91F0-6FB8D8CDF731}"
EndProject
Project("{FAE04EC0-301F-11D3-BF4B-00C04F79EFBC}") = "03. Data Center", "03. Data Center\03. Data Center.csproj", "{68C126E6-659A-4ECB-84FE-B27A48707236}"
EndProject
Global
	GlobalSection(SolutionConfigurationPlatforms) = preSolution
		Debug|Any CPU = Debug|Any CPU
		Release|Any CPU = Release|Any CPU
	EndGlobalSection
	GlobalSection(ProjectConfigurationPlatforms) = postSolution
		{F54A0DE5-321D-41F7-AD25-D2F5253AA808}.Debug|Any CPU.ActiveCfg = Debug|Any CPU
		{F54A0DE5-321D-41F7-AD25-D2F5253AA808}.Debug|Any CPU.Build.0 = Debug|Any CPU
		{F54A0DE5-321D-41F7-AD25-D2F5253AA808}.Release|Any CPU.ActiveCfg = Release|Any CPU
		{F54A0DE5-321D-41F7-AD25-D2F5253AA808}.Release|Any CPU.Build.0 = Release|Any CPU
		{B1E9CB83-2BB8-4C02-91F0-6FB8D8CDF731}.Debug|Any CPU.ActiveCfg = Debug|Any CPU
		{B1E9CB83-2BB8-4C02-91F0-6FB8D8CDF731}.Debug|Any CPU.Build.0 = Debug|Any CPU
		{B1E9CB83-2BB8-4C02-91F0-6FB8D8CDF731}.Release|Any CPU.ActiveCfg = Release|Any CPU
		{B1E9CB83-2BB8-4C02-91F0-6FB8D8CDF731}.Release|Any CPU.Build.0 = Release|Any CPU
		{68C126E6-659A-4ECB-84FE-B27A48707236}.Debug|Any CPU.ActiveCfg = Debug|Any CPU
		{68C126E6-659A-4ECB-84FE-B27A48707236}.Debug|Any CPU.Build.0 = Debug|Any CPU
		{68C126E6-659A-4ECB-84FE-B27A48707236}.Release|Any CPU.ActiveCfg = Release|Any CPU
		{68C126E6-659A-4ECB-84FE-B27A48707236}.Release|Any CPU.Build.0 = Release|Any CPU
	EndGlobalSection
	GlobalSection(SolutionProperties) = preSolution
		HideSolutionNode = FALSE
	EndGlobalSection
	GlobalSection(ExtensibilityGlobals) = postSolution
		SolutionGuid = {15E0EE53-3A14-44BA-A498-5C7E7A4224BA}
	EndGlobalSection
EndGlobal
